// !$*UTF8*$!
{
	archiveVersion = 1;
	classes = {
	};
	objectVersion = 50;
	objects = {

/* Begin PBXBuildFile section */
		FF7C7E4A2262150C009DCC52 /* AppDelegate.swift in Sources */ = {isa = PBXBuildFile; fileRef = FF7C7E492262150C009DCC52 /* AppDelegate.swift */; };
		FF7C7E4C2262150C009DCC52 /* ViewController.swift in Sources */ = {isa = PBXBuildFile; fileRef = FF7C7E4B2262150C009DCC52 /* ViewController.swift */; };
		FF7C7E4F2262150C009DCC52 /* Main.storyboard in Resources */ = {isa = PBXBuildFile; fileRef = FF7C7E4D2262150C009DCC52 /* Main.storyboard */; };
		FF7C7E512262150E009DCC52 /* Assets.xcassets in Resources */ = {isa = PBXBuildFile; fileRef = FF7C7E502262150E009DCC52 /* Assets.xcassets */; };
		FF7C7E542262150E009DCC52 /* LaunchScreen.storyboard in Resources */ = {isa = PBXBuildFile; fileRef = FF7C7E522262150E009DCC52 /* LaunchScreen.storyboard */; };
		FF7C7E86226591CF009DCC52 /* IXSearchController.swift in Sources */ = {isa = PBXBuildFile; fileRef = FF7C7E85226591CF009DCC52 /* IXSearchController.swift */; };
		FF7C7E8B22671E5D009DCC52 /* SearchResultController.swift in Sources */ = {isa = PBXBuildFile; fileRef = FF7C7E8A22671E5D009DCC52 /* SearchResultController.swift */; };
/* End PBXBuildFile section */

/* Begin PBXFileReference section */
		FF7C7E462262150C009DCC52 /* IXSearchController.app */ = {isa = PBXFileReference; explicitFileType = wrapper.application; includeInIndex = 0; path = IXSearchController.app; sourceTree = BUILT_PRODUCTS_DIR; };
		FF7C7E492262150C009DCC52 /* AppDelegate.swift */ = {isa = PBXFileReference; lastKnownFileType = sourcecode.swift; path = AppDelegate.swift; sourceTree = "<group>"; };
		FF7C7E4B2262150C009DCC52 /* ViewController.swift */ = {isa = PBXFileReference; lastKnownFileType = sourcecode.swift; path = ViewController.swift; sourceTree = "<group>"; };
		FF7C7E4E2262150C009DCC52 /* Base */ = {isa = PBXFileReference; lastKnownFileType = file.storyboard; name = Base; path = Base.lproj/Main.storyboard; sourceTree = "<group>"; };
		FF7C7E502262150E009DCC52 /* Assets.xcassets */ = {isa = PBXFileReference; lastKnownFileType = folder.assetcatalog; path = Assets.xcassets; sourceTree = "<group>"; };
		FF7C7E532262150E009DCC52 /* Base */ = {isa = PBXFileReference; lastKnownFileType = file.storyboard; name = Base; path = Base.lproj/LaunchScreen.storyboard; sourceTree = "<group>"; };
		FF7C7E552262150E009DCC52 /* Info.plist */ = {isa = PBXFileReference; lastKnownFileType = text.plist.xml; path = Info.plist; sourceTree = "<group>"; };
		FF7C7E85226591CF009DCC52 /* IXSearchController.swift */ = {isa = PBXFileReference; lastKnownFileType = sourcecode.swift; path = IXSearchController.swift; sourceTree = "<group>"; };
		FF7C7E8A22671E5D009DCC52 /* SearchResultController.swift */ = {isa = PBXFileReference; lastKnownFileType = sourcecode.swift; path = SearchResultController.swift; sourceTree = "<group>"; };
/* End PBXFileReference section */

/* Begin PBXFrameworksBuildPhase section */
		FF7C7E432262150C009DCC52 /* Frameworks */ = {
			isa = PBXFrameworksBuildPhase;
			buildActionMask = 2147483647;
			files = (
			);
			runOnlyForDeploymentPostprocessing = 0;
		};
/* End PBXFrameworksBuildPhase section */

/* Begin PBXGroup section */
		FF7C7E3D2262150C009DCC52 = {
			isa = PBXGroup;
			children = (
				FF7C7E85226591CF009DCC52 /* IXSearchController.swift */,
				FF7C7E482262150C009DCC52 /* Demo */,
				FF7C7E472262150C009DCC52 /* Products */,
			);
			sourceTree = "<group>";
		};
		FF7C7E472262150C009DCC52 /* Products */ = {
			isa = PBXGroup;
			children = (
				FF7C7E462262150C009DCC52 /* IXSearchController.app */,
			);
			name = Products;
			sourceTree = "<group>";
		};
		FF7C7E482262150C009DCC52 /* Demo */ = {
			isa = PBXGroup;
			children = (
				FF7C7E4B2262150C009DCC52 /* ViewController.swift */,
				FF7C7E892265E728009DCC52 /* Supporting Files */,
			);
			path = Demo;
			sourceTree = "<group>";
		};
		FF7C7E892265E728009DCC52 /* Supporting Files */ = {
			isa = PBXGroup;
			children = (
				FF7C7E492262150C009DCC52 /* AppDelegate.swift */,
				FF7C7E8A22671E5D009DCC52 /* SearchResultController.swift */,
				FF7C7E4D2262150C009DCC52 /* Main.storyboard */,
				FF7C7E502262150E009DCC52 /* Assets.xcassets */,
				FF7C7E552262150E009DCC52 /* Info.plist */,
				FF7C7E522262150E009DCC52 /* LaunchScreen.storyboard */,
			);
			name = "Supporting Files";
			sourceTree = "<group>";
		};
/* End PBXGroup section */

/* Begin PBXNativeTarget section */
		FF7C7E452262150C009DCC52 /* IXSearchController */ = {
			isa = PBXNativeTarget;
			buildConfigurationList = FF7C7E582262150E009DCC52 /* Build configuration list for PBXNativeTarget "IXSearchController" */;
			buildPhases = (
				FF7C7E422262150C009DCC52 /* Sources */,
				FF7C7E432262150C009DCC52 /* Frameworks */,
				FF7C7E442262150C009DCC52 /* Resources */,
			);
			buildRules = (
			);
			dependencies = (
			);
			name = IXSearchController;
			productName = padTest;
			productReference = FF7C7E462262150C009DCC52 /* IXSearchController.app */;
			productType = "com.apple.product-type.application";
		};
/* End PBXNativeTarget section */

/* Begin PBXProject section */
		FF7C7E3E2262150C009DCC52 /* Project object */ = {
			isa = PBXProject;
			attributes = {
				LastSwiftUpdateCheck = 1020;
				LastUpgradeCheck = 1020;
				ORGANIZATIONNAME = ix4n33;
				TargetAttributes = {
					FF7C7E452262150C009DCC52 = {
						CreatedOnToolsVersion = 10.2;
					};
				};
			};
			buildConfigurationList = FF7C7E412262150C009DCC52 /* Build configuration list for PBXProject "IXSearchController" */;
			compatibilityVersion = "Xcode 9.3";
			developmentRegion = en;
			hasScannedForEncodings = 0;
			knownRegions = (
				en,
				Base,
			);
			mainGroup = FF7C7E3D2262150C009DCC52;
			productRefGroup = FF7C7E472262150C009DCC52 /* Products */;
			projectDirPath = "";
			projectRoot = "";
			targets = (
				FF7C7E452262150C009DCC52 /* IXSearchController */,
			);
		};
/* End PBXProject section */

/* Begin PBXResourcesBuildPhase section */
		FF7C7E442262150C009DCC52 /* Resources */ = {
			isa = PBXResourcesBuildPhase;
			buildActionMask = 2147483647;
			files = (
				FF7C7E542262150E009DCC52 /* LaunchScreen.storyboard in Resources */,
				FF7C7E512262150E009DCC52 /* Assets.xcassets in Resources */,
				FF7C7E4F2262150C009DCC52 /* Main.storyboard in Resources */,
			);
			runOnlyForDeploymentPostprocessing = 0;
		};
/* End PBXResourcesBuildPhase section */

/* Begin PBXSourcesBuildPhase section */
		FF7C7E422262150C009DCC52 /* Sources */ = {
			isa = PBXSourcesBuildPhase;
			buildActionMask = 2147483647;
			files = (
				FF7C7E8B22671E5D009DCC52 /* SearchResultController.swift in Sources */,
				FF7C7E86226591CF009DCC52 /* IXSearchController.swift in Sources */,
				FF7C7E4C2262150C009DCC52 /* ViewController.swift in Sources */,
				FF7C7E4A2262150C009DCC52 /* AppDelegate.swift in Sources */,
			);
			runOnlyForDeploymentPostprocessing = 0;
		};
/* End PBXSourcesBuildPhase section */

/* Begin PBXVariantGroup section */
		FF7C7E4D2262150C009DCC52 /* Main.storyboard */ = {
			isa = PBXVariantGroup;
			children = (
				FF7C7E4E2262150C009DCC52 /* Base */,
			);
			name = Main.storyboard;
			sourceTree = "<group>";
		};
		FF7C7E522262150E009DCC52 /* LaunchScreen.storyboard */ = {
			isa = PBXVariantGroup;
			children = (
				FF7C7E532262150E009DCC52 /* Base */,
			);
			name = LaunchScreen.storyboard;
			sourceTree = "<group>";
		};
/* End PBXVariantGroup section */

/* Begin XCBuildConfiguration section */
		FF7C7E562262150E009DCC52 /* Debug */ = {
			isa = XCBuildConfiguration;
			buildSettings = {
				ALWAYS_SEARCH_USER_PATHS = NO;
				CLANG_ANALYZER_NONNULL = YES;
				CLANG_ANALYZER_NUMBER_OBJECT_CONVERSION = YES_AGGRESSIVE;
				CLANG_CXX_LANGUAGE_STANDARD = "gnu++14";
				CLANG_CXX_LIBRARY = "libc++";
				CLANG_ENABLE_MODULES = YES;
				CLANG_ENABLE_OBJC_ARC = YES;
				CLANG_ENABLE_OBJC_WEAK = YES;
				CLANG_WARN_BLOCK_CAPTURE_AUTORELEASING = YES;
				CLANG_WARN_BOOL_CONVERSION = YES;
				CLANG_WARN_COMMA = YES;
				CLANG_WARN_CONSTANT_CONVERSION = YES;
				CLANG_WARN_DEPRECATED_OBJC_IMPLEMENTATIONS = YES;
				CLANG_WARN_DIRECT_OBJC_ISA_USAGE = YES_ERROR;
				CLANG_WARN_DOCUMENTATION_COMMENTS = YES;
				CLANG_WARN_EMPTY_BODY = YES;
				CLANG_WARN_ENUM_CONVERSION = YES;
				CLANG_WARN_INFINITE_RECURSION = YES;
				CLANG_WARN_INT_CONVERSION = YES;
				CLANG_WARN_NON_LITERAL_NULL_CONVERSION = YES;
				CLANG_WARN_OBJC_IMPLICIT_RETAIN_SELF = YES;
				CLANG_WARN_OBJC_LITERAL_CONVERSION = YES;
				CLANG_WARN_OBJC_ROOT_CLASS = YES_ERROR;
				CLANG_WARN_RANGE_LOOP_ANALYSIS = YES;
				CLANG_WARN_STRICT_PROTOTYPES = YES;
				CLANG_WARN_SUSPICIOUS_MOVE = YES;
				CLANG_WARN_UNGUARDED_AVAILABILITY = YES_AGGRESSIVE;
				CLANG_WARN_UNREACHABLE_CODE = YES;
				CLANG_WARN__DUPLICATE_METHOD_MATCH = YES;
				CODE_SIGN_IDENTITY = "iPhone Developer";
				COPY_PHASE_STRIP = NO;
				DEBUG_INFORMATION_FORMAT = dwarf;
				ENABLE_STRICT_OBJC_MSGSEND = YES;
				ENABLE_TESTABILITY = YES;
				GCC_C_LANGUAGE_STANDARD = gnu11;
				GCC_DYNAMIC_NO_PIC = NO;
				GCC_NO_COMMON_BLOCKS = YES;
				GCC_OPTIMIZATION_LEVEL = 0;
				GCC_PREPROCESSOR_DEFINITIONS = (
					"DEBUG=1",
					"$(inherited)",
				);
				GCC_WARN_64_TO_32_BIT_CONVERSION = YES;
				GCC_WARN_ABOUT_RETURN_TYPE = YES_ERROR;
				GCC_WARN_UNDECLARED_SELECTOR = YES;
				GCC_WARN_UNINITIALIZED_AUTOS = YES_AGGRESSIVE;
				GCC_WARN_UNUSED_FUNCTION = YES;
				GCC_WARN_UNUSED_VARIABLE = YES;
				IPHONEOS_DEPLOYMENT_TARGET = 12.2;
				MTL_ENABLE_DEBUG_INFO = INCLUDE_SOURCE;
				MTL_FAST_MATH = YES;
				ONLY_ACTIVE_ARCH = YES;
				SDKROOT = iphoneos;
				SWIFT_ACTIVE_COMPILATION_CONDITIONS = DEBUG;
				SWIFT_OPTIMIZATION_LEVEL = "-Onone";
			};
			name = Debug;
		};
		FF7C7E572262150E009DCC52 /* Release */ = {
			isa = XCBuildConfiguration;
			buildSettings = {
				ALWAYS_SEARCH_USER_PATHS = NO;
				CLANG_ANALYZER_NONNULL = YES;
				CLANG_ANALYZER_NUMBER_OBJECT_CONVERSION = YES_AGGRESSIVE;
				CLANG_CXX_LANGUAGE_STANDARD = "gnu++14";
				CLANG_CXX_LIBRARY = "libc++";
				CLANG_ENABLE_MODULES = YES;
				CLANG_ENABLE_OBJC_ARC = YES;
				CLANG_ENABLE_OBJC_WEAK = YES;
				CLANG_WARN_BLOCK_CAPTURE_AUTORELEASING = YES;
				CLANG_WARN_BOOL_CONVERSION = YES;
				CLANG_WARN_COMMA = YES;
				CLANG_WARN_CONSTANT_CONVERSION = YES;
				CLANG_WARN_DEPRECATED_OBJC_IMPLEMENTATIONS = YES;
				CLANG_WARN_DIRECT_OBJC_ISA_USAGE = YES_ERROR;
				CLANG_WARN_DOCUMENTATION_COMMENTS = YES;
				CLANG_WARN_EMPTY_BODY = YES;
				CLANG_WARN_ENUM_CONVERSION = YES;
				CLANG_WARN_INFINITE_RECURSION = YES;
				CLANG_WARN_INT_CONVERSION = YES;
				CLANG_WARN_NON_LITERAL_NULL_CONVERSION = YES;
				CLANG_WARN_OBJC_IMPLICIT_RETAIN_SELF = YES;
				CLANG_WARN_OBJC_LITERAL_CONVERSION = YES;
				CLANG_WARN_OBJC_ROOT_CLASS = YES_ERROR;
				CLANG_WARN_RANGE_LOOP_ANALYSIS = YES;
				CLANG_WARN_STRICT_PROTOTYPES = YES;
				CLANG_WARN_SUSPICIOUS_MOVE = YES;
				CLANG_WARN_UNGUARDED_AVAILABILITY = YES_AGGRESSIVE;
				CLANG_WARN_UNREACHABLE_CODE = YES;
				CLANG_WARN__DUPLICATE_METHOD_MATCH = YES;
				CODE_SIGN_IDENTITY = "iPhone Developer";
				COPY_PHASE_STRIP = NO;
				DEBUG_INFORMATION_FORMAT = "dwarf-with-dsym";
				ENABLE_NS_ASSERTIONS = NO;
				ENABLE_STRICT_OBJC_MSGSEND = YES;
				GCC_C_LANGUAGE_STANDARD = gnu11;
				GCC_NO_COMMON_BLOCKS = YES;
				GCC_WARN_64_TO_32_BIT_CONVERSION = YES;
				GCC_WARN_ABOUT_RETURN_TYPE = YES_ERROR;
				GCC_WARN_UNDECLARED_SELECTOR = YES;
				GCC_WARN_UNINITIALIZED_AUTOS = YES_AGGRESSIVE;
				GCC_WARN_UNUSED_FUNCTION = YES;
				GCC_WARN_UNUSED_VARIABLE = YES;
				IPHONEOS_DEPLOYMENT_TARGET = 12.2;
				MTL_ENABLE_DEBUG_INFO = NO;
				MTL_FAST_MATH = YES;
				SDKROOT = iphoneos;
				SWIFT_COMPILATION_MODE = wholemodule;
				SWIFT_OPTIMIZATION_LEVEL = "-O";
				VALIDATE_PRODUCT = YES;
			};
			name = Release;
		};
		FF7C7E592262150E009DCC52 /* Debug */ = {
			isa = XCBuildConfiguration;
			buildSettings = {
				ASSETCATALOG_COMPILER_APPICON_NAME = AppIcon;
				CODE_SIGN_STYLE = Automatic;
				DEVELOPMENT_TEAM = 8BBVVM36W4;
				INFOPLIST_FILE = "${PROJECT_DIR}/Demo/Info.plist";
				LD_RUNPATH_SEARCH_PATHS = (
					"$(inherited)",
					"@executable_path/Frameworks",
				);
				PRODUCT_BUNDLE_IDENTIFIER = com.ix4n33.IXSearchController;
				PRODUCT_NAME = "$(TARGET_NAME)";
				SWIFT_VERSION = 5.0;
				TARGETED_DEVICE_FAMILY = "1,2";
			};
			name = Debug;
		};
		FF7C7E5A2262150E009DCC52 /* Release */ = {
			isa = XCBuildConfiguration;
			buildSettings = {
				ASSETCATALOG_COMPILER_APPICON_NAME = AppIcon;
				CODE_SIGN_STYLE = Automatic;
				DEVELOPMENT_TEAM = 8BBVVM36W4;
				INFOPLIST_FILE = "${PROJECT_DIR}/Demo/Info.plist";
				LD_RUNPATH_SEARCH_PATHS = (
					"$(inherited)",
					"@executable_path/Frameworks",
				);
				PRODUCT_BUNDLE_IDENTIFIER = com.ix4n33.IXSearchController;
				PRODUCT_NAME = "$(TARGET_NAME)";
				SWIFT_VERSION = 5.0;
				TARGETED_DEVICE_FAMILY = "1,2";
			};
			name = Release;
		};
/* End XCBuildConfiguration section */

/* Begin XCConfigurationList section */
		FF7C7E412262150C009DCC52 /* Build configuration list for PBXProject "IXSearchController" */ = {
			isa = XCConfigurationList;
			buildConfigurations = (
				FF7C7E562262150E009DCC52 /* Debug */,
				FF7C7E572262150E009DCC52 /* Release */,
			);
			defaultConfigurationIsVisible = 0;
			defaultConfigurationName = Release;
		};
		FF7C7E582262150E009DCC52 /* Build configuration list for PBXNativeTarget "IXSearchController" */ = {
			isa = XCConfigurationList;
			buildConfigurations = (
				FF7C7E592262150E009DCC52 /* Debug */,
				FF7C7E5A2262150E009DCC52 /* Release */,
			);
			defaultConfigurationIsVisible = 0;
			defaultConfigurationName = Release;
		};
/* End XCConfigurationList section */
	};
	rootObject = FF7C7E3E2262150C009DCC52 /* Project object */;
}
